// !$*UTF8*$!
{
	archiveVersion = 1;
	classes = {
	};
	objectVersion = 50;
	objects = {

/* Begin PBXBuildFile section */
		D60B444927E6B62D009F293D /* MapModel.swift in Sources */ = {isa = PBXBuildFile; fileRef = D60B444827E6B62D009F293D /* MapModel.swift */; };
		D60B444E27EA8D71009F293D /* DataController.swift in Sources */ = {isa = PBXBuildFile; fileRef = D60B444D27EA8D71009F293D /* DataController.swift */; };
		D65FCAC6282053D80067A4A2 /* BaseViewController.swift in Sources */ = {isa = PBXBuildFile; fileRef = D65FCAC5282053D80067A4A2 /* BaseViewController.swift */; };
		D6624EA22809C69C00678A8D /* PhotoViewCell.swift in Sources */ = {isa = PBXBuildFile; fileRef = D6624EA12809C69C00678A8D /* PhotoViewCell.swift */; };
		D6A7277427DFD3FC006EC2CC /* AppDelegate.swift in Sources */ = {isa = PBXBuildFile; fileRef = D6A7277327DFD3FC006EC2CC /* AppDelegate.swift */; };
		D6A7277827DFD3FC006EC2CC /* TravelLocationMapViewController.swift in Sources */ = {isa = PBXBuildFile; fileRef = D6A7277727DFD3FC006EC2CC /* TravelLocationMapViewController.swift */; };
		D6A7277B27DFD3FC006EC2CC /* Main.storyboard in Resources */ = {isa = PBXBuildFile; fileRef = D6A7277927DFD3FC006EC2CC /* Main.storyboard */; };
		D6A7277E27DFD3FC006EC2CC /* Virtual_Tourist.xcdatamodeld in Sources */ = {isa = PBXBuildFile; fileRef = D6A7277C27DFD3FC006EC2CC /* Virtual_Tourist.xcdatamodeld */; };
		D6A7278027DFD3FD006EC2CC /* Assets.xcassets in Resources */ = {isa = PBXBuildFile; fileRef = D6A7277F27DFD3FD006EC2CC /* Assets.xcassets */; };
		D6A7278327DFD3FD006EC2CC /* LaunchScreen.storyboard in Resources */ = {isa = PBXBuildFile; fileRef = D6A7278127DFD3FD006EC2CC /* LaunchScreen.storyboard */; };
		D6A7278E27DFD3FD006EC2CC /* Virtual_TouristTests.swift in Sources */ = {isa = PBXBuildFile; fileRef = D6A7278D27DFD3FD006EC2CC /* Virtual_TouristTests.swift */; };
		D6A7279927DFD3FD006EC2CC /* Virtual_TouristUITests.swift in Sources */ = {isa = PBXBuildFile; fileRef = D6A7279827DFD3FD006EC2CC /* Virtual_TouristUITests.swift */; };
		D6A727DF27E28904006EC2CC /* FlickrAPIClient.swift in Sources */ = {isa = PBXBuildFile; fileRef = D6A727DE27E28904006EC2CC /* FlickrAPIClient.swift */; };
		D6A7280427E29CF5006EC2CC /* SearchResponse.swift in Sources */ = {isa = PBXBuildFile; fileRef = D6A7280327E29CF5006EC2CC /* SearchResponse.swift */; };
		D6A7280927E29D44006EC2CC /* PhotosResponse.swift in Sources */ = {isa = PBXBuildFile; fileRef = D6A7280827E29D44006EC2CC /* PhotosResponse.swift */; };
		D6A7280E27E29DA3006EC2CC /* PhotoResponse.swift in Sources */ = {isa = PBXBuildFile; fileRef = D6A7280D27E29DA3006EC2CC /* PhotoResponse.swift */; };
		D6D0EA4127E3FC9000E98800 /* PhotoAlbumViewController.swift in Sources */ = {isa = PBXBuildFile; fileRef = D6D0EA4027E3FC9000E98800 /* PhotoAlbumViewController.swift */; };
/* End PBXBuildFile section */

/* Begin PBXContainerItemProxy section */
		D6A7278A27DFD3FD006EC2CC /* PBXContainerItemProxy */ = {
			isa = PBXContainerItemProxy;
			containerPortal = D6A7276827DFD3FC006EC2CC /* Project object */;
			proxyType = 1;
			remoteGlobalIDString = D6A7276F27DFD3FC006EC2CC;
			remoteInfo = "Virtual Tourist";
		};
		D6A7279527DFD3FD006EC2CC /* PBXContainerItemProxy */ = {
			isa = PBXContainerItemProxy;
			containerPortal = D6A7276827DFD3FC006EC2CC /* Project object */;
			proxyType = 1;
			remoteGlobalIDString = D6A7276F27DFD3FC006EC2CC;
			remoteInfo = "Virtual Tourist";
		};
/* End PBXContainerItemProxy section */

/* Begin PBXFileReference section */
		D60B444827E6B62D009F293D /* MapModel.swift */ = {isa = PBXFileReference; lastKnownFileType = sourcecode.swift; path = MapModel.swift; sourceTree = "<group>"; };
		D60B444D27EA8D71009F293D /* DataController.swift */ = {isa = PBXFileReference; lastKnownFileType = sourcecode.swift; path = DataController.swift; sourceTree = "<group>"; };
		D65FCAC5282053D80067A4A2 /* BaseViewController.swift */ = {isa = PBXFileReference; lastKnownFileType = sourcecode.swift; path = BaseViewController.swift; sourceTree = "<group>"; };
		D6624EA12809C69C00678A8D /* PhotoViewCell.swift */ = {isa = PBXFileReference; lastKnownFileType = sourcecode.swift; path = PhotoViewCell.swift; sourceTree = "<group>"; };
		D6A7277027DFD3FC006EC2CC /* Virtual Tourist.app */ = {isa = PBXFileReference; explicitFileType = wrapper.application; includeInIndex = 0; path = "Virtual Tourist.app"; sourceTree = BUILT_PRODUCTS_DIR; };
		D6A7277327DFD3FC006EC2CC /* AppDelegate.swift */ = {isa = PBXFileReference; lastKnownFileType = sourcecode.swift; path = AppDelegate.swift; sourceTree = "<group>"; };
		D6A7277727DFD3FC006EC2CC /* TravelLocationMapViewController.swift */ = {isa = PBXFileReference; lastKnownFileType = sourcecode.swift; path = TravelLocationMapViewController.swift; sourceTree = "<group>"; };
		D6A7277A27DFD3FC006EC2CC /* Base */ = {isa = PBXFileReference; lastKnownFileType = file.storyboard; name = Base; path = Base.lproj/Main.storyboard; sourceTree = "<group>"; };
		D6A7277D27DFD3FC006EC2CC /* Virtual_Tourist.xcdatamodel */ = {isa = PBXFileReference; lastKnownFileType = wrapper.xcdatamodel; path = Virtual_Tourist.xcdatamodel; sourceTree = "<group>"; };
		D6A7277F27DFD3FD006EC2CC /* Assets.xcassets */ = {isa = PBXFileReference; lastKnownFileType = folder.assetcatalog; path = Assets.xcassets; sourceTree = "<group>"; };
		D6A7278227DFD3FD006EC2CC /* Base */ = {isa = PBXFileReference; lastKnownFileType = file.storyboard; name = Base; path = Base.lproj/LaunchScreen.storyboard; sourceTree = "<group>"; };
		D6A7278427DFD3FD006EC2CC /* Info.plist */ = {isa = PBXFileReference; lastKnownFileType = text.plist.xml; path = Info.plist; sourceTree = "<group>"; };
		D6A7278927DFD3FD006EC2CC /* Virtual TouristTests.xctest */ = {isa = PBXFileReference; explicitFileType = wrapper.cfbundle; includeInIndex = 0; path = "Virtual TouristTests.xctest"; sourceTree = BUILT_PRODUCTS_DIR; };
		D6A7278D27DFD3FD006EC2CC /* Virtual_TouristTests.swift */ = {isa = PBXFileReference; lastKnownFileType = sourcecode.swift; path = Virtual_TouristTests.swift; sourceTree = "<group>"; };
		D6A7278F27DFD3FD006EC2CC /* Info.plist */ = {isa = PBXFileReference; lastKnownFileType = text.plist.xml; path = Info.plist; sourceTree = "<group>"; };
		D6A7279427DFD3FD006EC2CC /* Virtual TouristUITests.xctest */ = {isa = PBXFileReference; explicitFileType = wrapper.cfbundle; includeInIndex = 0; path = "Virtual TouristUITests.xctest"; sourceTree = BUILT_PRODUCTS_DIR; };
		D6A7279827DFD3FD006EC2CC /* Virtual_TouristUITests.swift */ = {isa = PBXFileReference; lastKnownFileType = sourcecode.swift; path = Virtual_TouristUITests.swift; sourceTree = "<group>"; };
		D6A7279A27DFD3FD006EC2CC /* Info.plist */ = {isa = PBXFileReference; lastKnownFileType = text.plist.xml; path = Info.plist; sourceTree = "<group>"; };
		D6A727DE27E28904006EC2CC /* FlickrAPIClient.swift */ = {isa = PBXFileReference; lastKnownFileType = sourcecode.swift; path = FlickrAPIClient.swift; sourceTree = "<group>"; };
		D6A7280327E29CF5006EC2CC /* SearchResponse.swift */ = {isa = PBXFileReference; lastKnownFileType = sourcecode.swift; path = SearchResponse.swift; sourceTree = "<group>"; };
		D6A7280827E29D44006EC2CC /* PhotosResponse.swift */ = {isa = PBXFileReference; lastKnownFileType = sourcecode.swift; path = PhotosResponse.swift; sourceTree = "<group>"; };
		D6A7280D27E29DA3006EC2CC /* PhotoResponse.swift */ = {isa = PBXFileReference; lastKnownFileType = sourcecode.swift; path = PhotoResponse.swift; sourceTree = "<group>"; };
		D6D0EA4027E3FC9000E98800 /* PhotoAlbumViewController.swift */ = {isa = PBXFileReference; lastKnownFileType = sourcecode.swift; path = PhotoAlbumViewController.swift; sourceTree = "<group>"; };
/* End PBXFileReference section */

/* Begin PBXFrameworksBuildPhase section */
		D6A7276D27DFD3FC006EC2CC /* Frameworks */ = {
			isa = PBXFrameworksBuildPhase;
			buildActionMask = 2147483647;
			files = (
			);
			runOnlyForDeploymentPostprocessing = 0;
		};
		D6A7278627DFD3FD006EC2CC /* Frameworks */ = {
			isa = PBXFrameworksBuildPhase;
			buildActionMask = 2147483647;
			files = (
			);
			runOnlyForDeploymentPostprocessing = 0;
		};
		D6A7279127DFD3FD006EC2CC /* Frameworks */ = {
			isa = PBXFrameworksBuildPhase;
			buildActionMask = 2147483647;
			files = (
			);
			runOnlyForDeploymentPostprocessing = 0;
		};
/* End PBXFrameworksBuildPhase section */

/* Begin PBXGroup section */
		D6A7276727DFD3FC006EC2CC = {
			isa = PBXGroup;
			children = (
				D6A7277227DFD3FC006EC2CC /* Virtual Tourist */,
				D6A7278C27DFD3FD006EC2CC /* Virtual TouristTests */,
				D6A7279727DFD3FD006EC2CC /* Virtual TouristUITests */,
				D6A7277127DFD3FC006EC2CC /* Products */,
			);
			sourceTree = "<group>";
		};
		D6A7277127DFD3FC006EC2CC /* Products */ = {
			isa = PBXGroup;
			children = (
				D6A7277027DFD3FC006EC2CC /* Virtual Tourist.app */,
				D6A7278927DFD3FD006EC2CC /* Virtual TouristTests.xctest */,
				D6A7279427DFD3FD006EC2CC /* Virtual TouristUITests.xctest */,
			);
			name = Products;
			sourceTree = "<group>";
		};
		D6A7277227DFD3FC006EC2CC /* Virtual Tourist */ = {
			isa = PBXGroup;
			children = (
				D6A727E527E29905006EC2CC /* Controller */,
				D6A727E427E29900006EC2CC /* View */,
				D6A727E327E298E4006EC2CC /* Model */,
				D6A7277327DFD3FC006EC2CC /* AppDelegate.swift */,
				D6A7278427DFD3FD006EC2CC /* Info.plist */,
			);
			path = "Virtual Tourist";
			sourceTree = "<group>";
		};
		D6A7278C27DFD3FD006EC2CC /* Virtual TouristTests */ = {
			isa = PBXGroup;
			children = (
				D6A7278D27DFD3FD006EC2CC /* Virtual_TouristTests.swift */,
				D6A7278F27DFD3FD006EC2CC /* Info.plist */,
			);
			path = "Virtual TouristTests";
			sourceTree = "<group>";
		};
		D6A7279727DFD3FD006EC2CC /* Virtual TouristUITests */ = {
			isa = PBXGroup;
			children = (
				D6A7279827DFD3FD006EC2CC /* Virtual_TouristUITests.swift */,
				D6A7279A27DFD3FD006EC2CC /* Info.plist */,
			);
			path = "Virtual TouristUITests";
			sourceTree = "<group>";
		};
		D6A727E327E298E4006EC2CC /* Model */ = {
			isa = PBXGroup;
			children = (
				D6A7277C27DFD3FC006EC2CC /* Virtual_Tourist.xcdatamodeld */,
				D6A727EF27E29CAD006EC2CC /* Data */,
				D6A727EE27E29C96006EC2CC /* Response */,
				D6A727DE27E28904006EC2CC /* FlickrAPIClient.swift */,
			);
			path = Model;
			sourceTree = "<group>";
		};
		D6A727E427E29900006EC2CC /* View */ = {
			isa = PBXGroup;
			children = (
				D6A7277927DFD3FC006EC2CC /* Main.storyboard */,
				D6A7277F27DFD3FD006EC2CC /* Assets.xcassets */,
				D6A7278127DFD3FD006EC2CC /* LaunchScreen.storyboard */,
			);
			path = View;
			sourceTree = "<group>";
		};
		D6A727E527E29905006EC2CC /* Controller */ = {
			isa = PBXGroup;
			children = (
				D6A7277727DFD3FC006EC2CC /* TravelLocationMapViewController.swift */,
				D6D0EA4027E3FC9000E98800 /* PhotoAlbumViewController.swift */,
				D6624EA12809C69C00678A8D /* PhotoViewCell.swift */,
				D65FCAC5282053D80067A4A2 /* BaseViewController.swift */,
			);
			path = Controller;
			sourceTree = "<group>";
		};
		D6A727EE27E29C96006EC2CC /* Response */ = {
			isa = PBXGroup;
			children = (
				D6A7280327E29CF5006EC2CC /* SearchResponse.swift */,
				D6A7280827E29D44006EC2CC /* PhotosResponse.swift */,
				D6A7280D27E29DA3006EC2CC /* PhotoResponse.swift */,
			);
			path = Response;
			sourceTree = "<group>";
		};
		D6A727EF27E29CAD006EC2CC /* Data */ = {
			isa = PBXGroup;
			children = (
				D60B444827E6B62D009F293D /* MapModel.swift */,
				D60B444D27EA8D71009F293D /* DataController.swift */,
			);
			path = Data;
			sourceTree = "<group>";
		};
/* End PBXGroup section */

/* Begin PBXNativeTarget section */
		D6A7276F27DFD3FC006EC2CC /* Virtual Tourist */ = {
			isa = PBXNativeTarget;
			buildConfigurationList = D6A7279D27DFD3FD006EC2CC /* Build configuration list for PBXNativeTarget "Virtual Tourist" */;
			buildPhases = (
				D6A7276C27DFD3FC006EC2CC /* Sources */,
				D6A7276D27DFD3FC006EC2CC /* Frameworks */,
				D6A7276E27DFD3FC006EC2CC /* Resources */,
			);
			buildRules = (
			);
			dependencies = (
			);
			name = "Virtual Tourist";
			productName = "Virtual Tourist";
			productReference = D6A7277027DFD3FC006EC2CC /* Virtual Tourist.app */;
			productType = "com.apple.product-type.application";
		};
		D6A7278827DFD3FD006EC2CC /* Virtual TouristTests */ = {
			isa = PBXNativeTarget;
			buildConfigurationList = D6A727A027DFD3FD006EC2CC /* Build configuration list for PBXNativeTarget "Virtual TouristTests" */;
			buildPhases = (
				D6A7278527DFD3FD006EC2CC /* Sources */,
				D6A7278627DFD3FD006EC2CC /* Frameworks */,
				D6A7278727DFD3FD006EC2CC /* Resources */,
			);
			buildRules = (
			);
			dependencies = (
				D6A7278B27DFD3FD006EC2CC /* PBXTargetDependency */,
			);
			name = "Virtual TouristTests";
			productName = "Virtual TouristTests";
			productReference = D6A7278927DFD3FD006EC2CC /* Virtual TouristTests.xctest */;
			productType = "com.apple.product-type.bundle.unit-test";
		};
		D6A7279327DFD3FD006EC2CC /* Virtual TouristUITests */ = {
			isa = PBXNativeTarget;
			buildConfigurationList = D6A727A327DFD3FD006EC2CC /* Build configuration list for PBXNativeTarget "Virtual TouristUITests" */;
			buildPhases = (
				D6A7279027DFD3FD006EC2CC /* Sources */,
				D6A7279127DFD3FD006EC2CC /* Frameworks */,
				D6A7279227DFD3FD006EC2CC /* Resources */,
			);
			buildRules = (
			);
			dependencies = (
				D6A7279627DFD3FD006EC2CC /* PBXTargetDependency */,
			);
			name = "Virtual TouristUITests";
			productName = "Virtual TouristUITests";
			productReference = D6A7279427DFD3FD006EC2CC /* Virtual TouristUITests.xctest */;
			productType = "com.apple.product-type.bundle.ui-testing";
		};
/* End PBXNativeTarget section */

/* Begin PBXProject section */
		D6A7276827DFD3FC006EC2CC /* Project object */ = {
			isa = PBXProject;
			attributes = {
				LastSwiftUpdateCheck = 1240;
				LastUpgradeCheck = 1240;
				TargetAttributes = {
					D6A7276F27DFD3FC006EC2CC = {
						CreatedOnToolsVersion = 12.4;
					};
					D6A7278827DFD3FD006EC2CC = {
						CreatedOnToolsVersion = 12.4;
						TestTargetID = D6A7276F27DFD3FC006EC2CC;
					};
					D6A7279327DFD3FD006EC2CC = {
						CreatedOnToolsVersion = 12.4;
						TestTargetID = D6A7276F27DFD3FC006EC2CC;
					};
				};
			};
			buildConfigurationList = D6A7276B27DFD3FC006EC2CC /* Build configuration list for PBXProject "Virtual Tourist" */;
			compatibilityVersion = "Xcode 9.3";
			developmentRegion = en;
			hasScannedForEncodings = 0;
			knownRegions = (
				en,
				Base,
			);
			mainGroup = D6A7276727DFD3FC006EC2CC;
			productRefGroup = D6A7277127DFD3FC006EC2CC /* Products */;
			projectDirPath = "";
			projectRoot = "";
			targets = (
				D6A7276F27DFD3FC006EC2CC /* Virtual Tourist */,
				D6A7278827DFD3FD006EC2CC /* Virtual TouristTests */,
				D6A7279327DFD3FD006EC2CC /* Virtual TouristUITests */,
			);
		};
/* End PBXProject section */

/* Begin PBXResourcesBuildPhase section */
		D6A7276E27DFD3FC006EC2CC /* Resources */ = {
			isa = PBXResourcesBuildPhase;
			buildActionMask = 2147483647;
			files = (
				D6A7278327DFD3FD006EC2CC /* LaunchScreen.storyboard in Resources */,
				D6A7278027DFD3FD006EC2CC /* Assets.xcassets in Resources */,
				D6A7277B27DFD3FC006EC2CC /* Main.storyboard in Resources */,
			);
			runOnlyForDeploymentPostprocessing = 0;
		};
		D6A7278727DFD3FD006EC2CC /* Resources */ = {
			isa = PBXResourcesBuildPhase;
			buildActionMask = 2147483647;
			files = (
			);
			runOnlyForDeploymentPostprocessing = 0;
		};
		D6A7279227DFD3FD006EC2CC /* Resources */ = {
			isa = PBXResourcesBuildPhase;
			buildActionMask = 2147483647;
			files = (
			);
			runOnlyForDeploymentPostprocessing = 0;
		};
/* End PBXResourcesBuildPhase section */

/* Begin PBXSourcesBuildPhase section */
		D6A7276C27DFD3FC006EC2CC /* Sources */ = {
			isa = PBXSourcesBuildPhase;
			buildActionMask = 2147483647;
			files = (
				D6D0EA4127E3FC9000E98800 /* PhotoAlbumViewController.swift in Sources */,
				D6A7280927E29D44006EC2CC /* PhotosResponse.swift in Sources */,
				D6A7277E27DFD3FC006EC2CC /* Virtual_Tourist.xcdatamodeld in Sources */,
				D60B444927E6B62D009F293D /* MapModel.swift in Sources */,
				D6624EA22809C69C00678A8D /* PhotoViewCell.swift in Sources */,
				D65FCAC6282053D80067A4A2 /* BaseViewController.swift in Sources */,
				D6A7277827DFD3FC006EC2CC /* TravelLocationMapViewController.swift in Sources */,
				D6A7280E27E29DA3006EC2CC /* PhotoResponse.swift in Sources */,
				D6A727DF27E28904006EC2CC /* FlickrAPIClient.swift in Sources */,
				D6A7280427E29CF5006EC2CC /* SearchResponse.swift in Sources */,
				D6A7277427DFD3FC006EC2CC /* AppDelegate.swift in Sources */,
				D60B444E27EA8D71009F293D /* DataController.swift in Sources */,
			);
			runOnlyForDeploymentPostprocessing = 0;
		};
		D6A7278527DFD3FD006EC2CC /* Sources */ = {
			isa = PBXSourcesBuildPhase;
			buildActionMask = 2147483647;
			files = (
				D6A7278E27DFD3FD006EC2CC /* Virtual_TouristTests.swift in Sources */,
			);
			runOnlyForDeploymentPostprocessing = 0;
		};
		D6A7279027DFD3FD006EC2CC /* Sources */ = {
			isa = PBXSourcesBuildPhase;
			buildActionMask = 2147483647;
			files = (
				D6A7279927DFD3FD006EC2CC /* Virtual_TouristUITests.swift in Sources */,
			);
			runOnlyForDeploymentPostprocessing = 0;
		};
/* End PBXSourcesBuildPhase section */

/* Begin PBXTargetDependency section */
		D6A7278B27DFD3FD006EC2CC /* PBXTargetDependency */ = {
			isa = PBXTargetDependency;
			target = D6A7276F27DFD3FC006EC2CC /* Virtual Tourist */;
			targetProxy = D6A7278A27DFD3FD006EC2CC /* PBXContainerItemProxy */;
		};
		D6A7279627DFD3FD006EC2CC /* PBXTargetDependency */ = {
			isa = PBXTargetDependency;
			target = D6A7276F27DFD3FC006EC2CC /* Virtual Tourist */;
			targetProxy = D6A7279527DFD3FD006EC2CC /* PBXContainerItemProxy */;
		};
/* End PBXTargetDependency section */

/* Begin PBXVariantGroup section */
		D6A7277927DFD3FC006EC2CC /* Main.storyboard */ = {
			isa = PBXVariantGroup;
			children = (
				D6A7277A27DFD3FC006EC2CC /* Base */,
			);
			name = Main.storyboard;
			sourceTree = "<group>";
		};
		D6A7278127DFD3FD006EC2CC /* LaunchScreen.storyboard */ = {
			isa = PBXVariantGroup;
			children = (
				D6A7278227DFD3FD006EC2CC /* Base */,
			);
			name = LaunchScreen.storyboard;
			sourceTree = "<group>";
		};
/* End PBXVariantGroup section */

/* Begin XCBuildConfiguration section */
		D6A7279B27DFD3FD006EC2CC /* Debug */ = {
			isa = XCBuildConfiguration;
			buildSettings = {
				ALWAYS_SEARCH_USER_PATHS = NO;
				CLANG_ANALYZER_NONNULL = YES;
				CLANG_ANALYZER_NUMBER_OBJECT_CONVERSION = YES_AGGRESSIVE;
				CLANG_CXX_LANGUAGE_STANDARD = "gnu++14";
				CLANG_CXX_LIBRARY = "libc++";
				CLANG_ENABLE_MODULES = YES;
				CLANG_ENABLE_OBJC_ARC = YES;
				CLANG_ENABLE_OBJC_WEAK = YES;
				CLANG_WARN_BLOCK_CAPTURE_AUTORELEASING = YES;
				CLANG_WARN_BOOL_CONVERSION = YES;
				CLANG_WARN_COMMA = YES;
				CLANG_WARN_CONSTANT_CONVERSION = YES;
				CLANG_WARN_DEPRECATED_OBJC_IMPLEMENTATIONS = YES;
				CLANG_WARN_DIRECT_OBJC_ISA_USAGE = YES_ERROR;
				CLANG_WARN_DOCUMENTATION_COMMENTS = YES;
				CLANG_WARN_EMPTY_BODY = YES;
				CLANG_WARN_ENUM_CONVERSION = YES;
				CLANG_WARN_INFINITE_RECURSION = YES;
				CLANG_WARN_INT_CONVERSION = YES;
				CLANG_WARN_NON_LITERAL_NULL_CONVERSION = YES;
				CLANG_WARN_OBJC_IMPLICIT_RETAIN_SELF = YES;
				CLANG_WARN_OBJC_LITERAL_CONVERSION = YES;
				CLANG_WARN_OBJC_ROOT_CLASS = YES_ERROR;
				CLANG_WARN_QUOTED_INCLUDE_IN_FRAMEWORK_HEADER = YES;
				CLANG_WARN_RANGE_LOOP_ANALYSIS = YES;
				CLANG_WARN_STRICT_PROTOTYPES = YES;
				CLANG_WARN_SUSPICIOUS_MOVE = YES;
				CLANG_WARN_UNGUARDED_AVAILABILITY = YES_AGGRESSIVE;
				CLANG_WARN_UNREACHABLE_CODE = YES;
				CLANG_WARN__DUPLICATE_METHOD_MATCH = YES;
				COPY_PHASE_STRIP = NO;
				DEBUG_INFORMATION_FORMAT = dwarf;
				ENABLE_STRICT_OBJC_MSGSEND = YES;
				ENABLE_TESTABILITY = YES;
				GCC_C_LANGUAGE_STANDARD = gnu11;
				GCC_DYNAMIC_NO_PIC = NO;
				GCC_NO_COMMON_BLOCKS = YES;
				GCC_OPTIMIZATION_LEVEL = 0;
				GCC_PREPROCESSOR_DEFINITIONS = (
					"DEBUG=1",
					"$(inherited)",
				);
				GCC_WARN_64_TO_32_BIT_CONVERSION = YES;
				GCC_WARN_ABOUT_RETURN_TYPE = YES_ERROR;
				GCC_WARN_UNDECLARED_SELECTOR = YES;
				GCC_WARN_UNINITIALIZED_AUTOS = YES_AGGRESSIVE;
				GCC_WARN_UNUSED_FUNCTION = YES;
				GCC_WARN_UNUSED_VARIABLE = YES;
				IPHONEOS_DEPLOYMENT_TARGET = 14.4;
				MTL_ENABLE_DEBUG_INFO = INCLUDE_SOURCE;
				MTL_FAST_MATH = YES;
				ONLY_ACTIVE_ARCH = YES;
				SDKROOT = iphoneos;
				SWIFT_ACTIVE_COMPILATION_CONDITIONS = DEBUG;
				SWIFT_OPTIMIZATION_LEVEL = "-Onone";
			};
			name = Debug;
		};
		D6A7279C27DFD3FD006EC2CC /* Release */ = {
			isa = XCBuildConfiguration;
			buildSettings = {
				ALWAYS_SEARCH_USER_PATHS = NO;
				CLANG_ANALYZER_NONNULL = YES;
				CLANG_ANALYZER_NUMBER_OBJECT_CONVERSION = YES_AGGRESSIVE;
				CLANG_CXX_LANGUAGE_STANDARD = "gnu++14";
				CLANG_CXX_LIBRARY = "libc++";
				CLANG_ENABLE_MODULES = YES;
				CLANG_ENABLE_OBJC_ARC = YES;
				CLANG_ENABLE_OBJC_WEAK = YES;
				CLANG_WARN_BLOCK_CAPTURE_AUTORELEASING = YES;
				CLANG_WARN_BOOL_CONVERSION = YES;
				CLANG_WARN_COMMA = YES;
				CLANG_WARN_CONSTANT_CONVERSION = YES;
				CLANG_WARN_DEPRECATED_OBJC_IMPLEMENTATIONS = YES;
				CLANG_WARN_DIRECT_OBJC_ISA_USAGE = YES_ERROR;
				CLANG_WARN_DOCUMENTATION_COMMENTS = YES;
				CLANG_WARN_EMPTY_BODY = YES;
				CLANG_WARN_ENUM_CONVERSION = YES;
				CLANG_WARN_INFINITE_RECURSION = YES;
				CLANG_WARN_INT_CONVERSION = YES;
				CLANG_WARN_NON_LITERAL_NULL_CONVERSION = YES;
				CLANG_WARN_OBJC_IMPLICIT_RETAIN_SELF = YES;
				CLANG_WARN_OBJC_LITERAL_CONVERSION = YES;
				CLANG_WARN_OBJC_ROOT_CLASS = YES_ERROR;
				CLANG_WARN_QUOTED_INCLUDE_IN_FRAMEWORK_HEADER = YES;
				CLANG_WARN_RANGE_LOOP_ANALYSIS = YES;
				CLANG_WARN_STRICT_PROTOTYPES = YES;
				CLANG_WARN_SUSPICIOUS_MOVE = YES;
				CLANG_WARN_UNGUARDED_AVAILABILITY = YES_AGGRESSIVE;
				CLANG_WARN_UNREACHABLE_CODE = YES;
				CLANG_WARN__DUPLICATE_METHOD_MATCH = YES;
				COPY_PHASE_STRIP = NO;
				DEBUG_INFORMATION_FORMAT = "dwarf-with-dsym";
				ENABLE_NS_ASSERTIONS = NO;
				ENABLE_STRICT_OBJC_MSGSEND = YES;
				GCC_C_LANGUAGE_STANDARD = gnu11;
				GCC_NO_COMMON_BLOCKS = YES;
				GCC_WARN_64_TO_32_BIT_CONVERSION = YES;
				GCC_WARN_ABOUT_RETURN_TYPE = YES_ERROR;
				GCC_WARN_UNDECLARED_SELECTOR = YES;
				GCC_WARN_UNINITIALIZED_AUTOS = YES_AGGRESSIVE;
				GCC_WARN_UNUSED_FUNCTION = YES;
				GCC_WARN_UNUSED_VARIABLE = YES;
				IPHONEOS_DEPLOYMENT_TARGET = 14.4;
				MTL_ENABLE_DEBUG_INFO = NO;
				MTL_FAST_MATH = YES;
				SDKROOT = iphoneos;
				SWIFT_COMPILATION_MODE = wholemodule;
				SWIFT_OPTIMIZATION_LEVEL = "-O";
				VALIDATE_PRODUCT = YES;
			};
			name = Release;
		};
		D6A7279E27DFD3FD006EC2CC /* Debug */ = {
			isa = XCBuildConfiguration;
			buildSettings = {
				ASSETCATALOG_COMPILER_APPICON_NAME = AppIcon;
				ASSETCATALOG_COMPILER_GLOBAL_ACCENT_COLOR_NAME = AccentColor;
				CODE_SIGN_STYLE = Automatic;
				DEVELOPMENT_TEAM = 6HQNF7FQ7P;
				INFOPLIST_FILE = "Virtual Tourist/Info.plist";
				LD_RUNPATH_SEARCH_PATHS = (
					"$(inherited)",
					"@executable_path/Frameworks",
				);
				PRODUCT_BUNDLE_IDENTIFIER = "com.dharaub.Virtual-Tourist";
				PRODUCT_NAME = "$(TARGET_NAME)";
				SWIFT_VERSION = 5.0;
				TARGETED_DEVICE_FAMILY = "1,2";
			};
			name = Debug;
		};
		D6A7279F27DFD3FD006EC2CC /* Release */ = {
			isa = XCBuildConfiguration;
			buildSettings = {
				ASSETCATALOG_COMPILER_APPICON_NAME = AppIcon;
				ASSETCATALOG_COMPILER_GLOBAL_ACCENT_COLOR_NAME = AccentColor;
				CODE_SIGN_STYLE = Automatic;
				DEVELOPMENT_TEAM = 6HQNF7FQ7P;
				INFOPLIST_FILE = "Virtual Tourist/Info.plist";
				LD_RUNPATH_SEARCH_PATHS = (
					"$(inherited)",
					"@executable_path/Frameworks",
				);
				PRODUCT_BUNDLE_IDENTIFIER = "com.dharaub.Virtual-Tourist";
				PRODUCT_NAME = "$(TARGET_NAME)";
				SWIFT_VERSION = 5.0;
				TARGETED_DEVICE_FAMILY = "1,2";
			};
			name = Release;
		};
		D6A727A127DFD3FD006EC2CC /* Debug */ = {
			isa = XCBuildConfiguration;
			buildSettings = {
				ALWAYS_EMBED_SWIFT_STANDARD_LIBRARIES = YES;
				BUNDLE_LOADER = "$(TEST_HOST)";
				CODE_SIGN_STYLE = Automatic;
				DEVELOPMENT_TEAM = 6HQNF7FQ7P;
				INFOPLIST_FILE = "Virtual TouristTests/Info.plist";
				IPHONEOS_DEPLOYMENT_TARGET = 14.4;
				LD_RUNPATH_SEARCH_PATHS = (
					"$(inherited)",
					"@executable_path/Frameworks",
					"@loader_path/Frameworks",
				);
				PRODUCT_BUNDLE_IDENTIFIER = "com.dharaub.Virtual-TouristTests";
				PRODUCT_NAME = "$(TARGET_NAME)";
				SWIFT_VERSION = 5.0;
				TARGETED_DEVICE_FAMILY = "1,2";
				TEST_HOST = "$(BUILT_PRODUCTS_DIR)/Virtual Tourist.app/Virtual Tourist";
			};
			name = Debug;
		};
		D6A727A227DFD3FD006EC2CC /* Release */ = {
			isa = XCBuildConfiguration;
			buildSettings = {
				ALWAYS_EMBED_SWIFT_STANDARD_LIBRARIES = YES;
				BUNDLE_LOADER = "$(TEST_HOST)";
				CODE_SIGN_STYLE = Automatic;
				DEVELOPMENT_TEAM = 6HQNF7FQ7P;
				INFOPLIST_FILE = "Virtual TouristTests/Info.plist";
				IPHONEOS_DEPLOYMENT_TARGET = 14.4;
				LD_RUNPATH_SEARCH_PATHS = (
					"$(inherited)",
					"@executable_path/Frameworks",
					"@loader_path/Frameworks",
				);
				PRODUCT_BUNDLE_IDENTIFIER = "com.dharaub.Virtual-TouristTests";
				PRODUCT_NAME = "$(TARGET_NAME)";
				SWIFT_VERSION = 5.0;
				TARGETED_DEVICE_FAMILY = "1,2";
				TEST_HOST = "$(BUILT_PRODUCTS_DIR)/Virtual Tourist.app/Virtual Tourist";
			};
			name = Release;
		};
		D6A727A427DFD3FD006EC2CC /* Debug */ = {
			isa = XCBuildConfiguration;
			buildSettings = {
				ALWAYS_EMBED_SWIFT_STANDARD_LIBRARIES = YES;
				CODE_SIGN_STYLE = Automatic;
				DEVELOPMENT_TEAM = 6HQNF7FQ7P;
				INFOPLIST_FILE = "Virtual TouristUITests/Info.plist";
				LD_RUNPATH_SEARCH_PATHS = (
					"$(inherited)",
					"@executable_path/Frameworks",
					"@loader_path/Frameworks",
				);
				PRODUCT_BUNDLE_IDENTIFIER = "com.dharaub.Virtual-TouristUITests";
				PRODUCT_NAME = "$(TARGET_NAME)";
				SWIFT_VERSION = 5.0;
				TARGETED_DEVICE_FAMILY = "1,2";
				TEST_TARGET_NAME = "Virtual Tourist";
			};
			name = Debug;
		};
		D6A727A527DFD3FD006EC2CC /* Release */ = {
			isa = XCBuildConfiguration;
			buildSettings = {
				ALWAYS_EMBED_SWIFT_STANDARD_LIBRARIES = YES;
				CODE_SIGN_STYLE = Automatic;
				DEVELOPMENT_TEAM = 6HQNF7FQ7P;
				INFOPLIST_FILE = "Virtual TouristUITests/Info.plist";
				LD_RUNPATH_SEARCH_PATHS = (
					"$(inherited)",
					"@executable_path/Frameworks",
					"@loader_path/Frameworks",
				);
				PRODUCT_BUNDLE_IDENTIFIER = "com.dharaub.Virtual-TouristUITests";
				PRODUCT_NAME = "$(TARGET_NAME)";
				SWIFT_VERSION = 5.0;
				TARGETED_DEVICE_FAMILY = "1,2";
				TEST_TARGET_NAME = "Virtual Tourist";
			};
			name = Release;
		};
/* End XCBuildConfiguration section */

/* Begin XCConfigurationList section */
		D6A7276B27DFD3FC006EC2CC /* Build configuration list for PBXProject "Virtual Tourist" */ = {
			isa = XCConfigurationList;
			buildConfigurations = (
				D6A7279B27DFD3FD006EC2CC /* Debug */,
				D6A7279C27DFD3FD006EC2CC /* Release */,
			);
			defaultConfigurationIsVisible = 0;
			defaultConfigurationName = Release;
		};
		D6A7279D27DFD3FD006EC2CC /* Build configuration list for PBXNativeTarget "Virtual Tourist" */ = {
			isa = XCConfigurationList;
			buildConfigurations = (
				D6A7279E27DFD3FD006EC2CC /* Debug */,
				D6A7279F27DFD3FD006EC2CC /* Release */,
			);
			defaultConfigurationIsVisible = 0;
			defaultConfigurationName = Release;
		};
		D6A727A027DFD3FD006EC2CC /* Build configuration list for PBXNativeTarget "Virtual TouristTests" */ = {
			isa = XCConfigurationList;
			buildConfigurations = (
				D6A727A127DFD3FD006EC2CC /* Debug */,
				D6A727A227DFD3FD006EC2CC /* Release */,
			);
			defaultConfigurationIsVisible = 0;
			defaultConfigurationName = Release;
		};
		D6A727A327DFD3FD006EC2CC /* Build configuration list for PBXNativeTarget "Virtual TouristUITests" */ = {
			isa = XCConfigurationList;
			buildConfigurations = (
				D6A727A427DFD3FD006EC2CC /* Debug */,
				D6A727A527DFD3FD006EC2CC /* Release */,
			);
			defaultConfigurationIsVisible = 0;
			defaultConfigurationName = Release;
		};
/* End XCConfigurationList section */

/* Begin XCVersionGroup section */
		D6A7277C27DFD3FC006EC2CC /* Virtual_Tourist.xcdatamodeld */ = {
			isa = XCVersionGroup;
			children = (
				D6A7277D27DFD3FC006EC2CC /* Virtual_Tourist.xcdatamodel */,
			);
			currentVersion = D6A7277D27DFD3FC006EC2CC /* Virtual_Tourist.xcdatamodel */;
			path = Virtual_Tourist.xcdatamodeld;
			sourceTree = "<group>";
			versionGroupType = wrapper.xcdatamodel;
		};
/* End XCVersionGroup section */
	};
	rootObject = D6A7276827DFD3FC006EC2CC /* Project object */;
}
